// !$*UTF8*$!
{
	archiveVersion = 1;
	classes = {
	};
	objectVersion = 50;
	objects = {

/* Begin PBXBuildFile section */
		680A6B35218206BA00DCC205 /* AppDelegate.m in Sources */ = {isa = PBXBuildFile; fileRef = 680A6B34218206BA00DCC205 /* AppDelegate.m */; };
		680A6B38218206BA00DCC205 /* ViewController.m in Sources */ = {isa = PBXBuildFile; fileRef = 680A6B37218206BA00DCC205 /* ViewController.m */; };
		680A6B3B218206BA00DCC205 /* Main.storyboard in Resources */ = {isa = PBXBuildFile; fileRef = 680A6B39218206BA00DCC205 /* Main.storyboard */; };
		680A6B3E218206BA00DCC205 /* TWRetailsStore.xcdatamodeld in Sources */ = {isa = PBXBuildFile; fileRef = 680A6B3C218206BA00DCC205 /* TWRetailsStore.xcdatamodeld */; };
		680A6B40218206BB00DCC205 /* Assets.xcassets in Resources */ = {isa = PBXBuildFile; fileRef = 680A6B3F218206BB00DCC205 /* Assets.xcassets */; };
		680A6B43218206BB00DCC205 /* LaunchScreen.storyboard in Resources */ = {isa = PBXBuildFile; fileRef = 680A6B41218206BB00DCC205 /* LaunchScreen.storyboard */; };
		680A6B46218206BB00DCC205 /* main.m in Sources */ = {isa = PBXBuildFile; fileRef = 680A6B45218206BB00DCC205 /* main.m */; };
		680A6B50218206BB00DCC205 /* TWRetailsStoreTests.m in Sources */ = {isa = PBXBuildFile; fileRef = 680A6B4F218206BB00DCC205 /* TWRetailsStoreTests.m */; };
		680A6B5B218206BB00DCC205 /* TWRetailsStoreUITests.m in Sources */ = {isa = PBXBuildFile; fileRef = 680A6B5A218206BB00DCC205 /* TWRetailsStoreUITests.m */; };
/* End PBXBuildFile section */

/* Begin PBXContainerItemProxy section */
		680A6B4C218206BB00DCC205 /* PBXContainerItemProxy */ = {
			isa = PBXContainerItemProxy;
			containerPortal = 680A6B28218206BA00DCC205 /* Project object */;
			proxyType = 1;
			remoteGlobalIDString = 680A6B2F218206BA00DCC205;
			remoteInfo = TWRetailsStore;
		};
		680A6B57218206BB00DCC205 /* PBXContainerItemProxy */ = {
			isa = PBXContainerItemProxy;
			containerPortal = 680A6B28218206BA00DCC205 /* Project object */;
			proxyType = 1;
			remoteGlobalIDString = 680A6B2F218206BA00DCC205;
			remoteInfo = TWRetailsStore;
		};
/* End PBXContainerItemProxy section */

/* Begin PBXFileReference section */
		680A6B30218206BA00DCC205 /* TWRetailsStore.app */ = {isa = PBXFileReference; explicitFileType = wrapper.application; includeInIndex = 0; path = TWRetailsStore.app; sourceTree = BUILT_PRODUCTS_DIR; };
		680A6B33218206BA00DCC205 /* AppDelegate.h */ = {isa = PBXFileReference; lastKnownFileType = sourcecode.c.h; path = AppDelegate.h; sourceTree = "<group>"; };
		680A6B34218206BA00DCC205 /* AppDelegate.m */ = {isa = PBXFileReference; lastKnownFileType = sourcecode.c.objc; path = AppDelegate.m; sourceTree = "<group>"; };
		680A6B36218206BA00DCC205 /* ViewController.h */ = {isa = PBXFileReference; lastKnownFileType = sourcecode.c.h; path = ViewController.h; sourceTree = "<group>"; };
		680A6B37218206BA00DCC205 /* ViewController.m */ = {isa = PBXFileReference; lastKnownFileType = sourcecode.c.objc; path = ViewController.m; sourceTree = "<group>"; };
		680A6B3A218206BA00DCC205 /* Base */ = {isa = PBXFileReference; lastKnownFileType = file.storyboard; name = Base; path = Base.lproj/Main.storyboard; sourceTree = "<group>"; };
		680A6B3D218206BA00DCC205 /* TWRetailsStore.xcdatamodel */ = {isa = PBXFileReference; lastKnownFileType = wrapper.xcdatamodel; path = TWRetailsStore.xcdatamodel; sourceTree = "<group>"; };
		680A6B3F218206BB00DCC205 /* Assets.xcassets */ = {isa = PBXFileReference; lastKnownFileType = folder.assetcatalog; path = Assets.xcassets; sourceTree = "<group>"; };
		680A6B42218206BB00DCC205 /* Base */ = {isa = PBXFileReference; lastKnownFileType = file.storyboard; name = Base; path = Base.lproj/LaunchScreen.storyboard; sourceTree = "<group>"; };
		680A6B44218206BB00DCC205 /* Info.plist */ = {isa = PBXFileReference; lastKnownFileType = text.plist.xml; path = Info.plist; sourceTree = "<group>"; };
		680A6B45218206BB00DCC205 /* main.m */ = {isa = PBXFileReference; lastKnownFileType = sourcecode.c.objc; path = main.m; sourceTree = "<group>"; };
		680A6B4B218206BB00DCC205 /* TWRetailsStoreTests.xctest */ = {isa = PBXFileReference; explicitFileType = wrapper.cfbundle; includeInIndex = 0; path = TWRetailsStoreTests.xctest; sourceTree = BUILT_PRODUCTS_DIR; };
		680A6B4F218206BB00DCC205 /* TWRetailsStoreTests.m */ = {isa = PBXFileReference; lastKnownFileType = sourcecode.c.objc; path = TWRetailsStoreTests.m; sourceTree = "<group>"; };
		680A6B51218206BB00DCC205 /* Info.plist */ = {isa = PBXFileReference; lastKnownFileType = text.plist.xml; path = Info.plist; sourceTree = "<group>"; };
		680A6B56218206BB00DCC205 /* TWRetailsStoreUITests.xctest */ = {isa = PBXFileReference; explicitFileType = wrapper.cfbundle; includeInIndex = 0; path = TWRetailsStoreUITests.xctest; sourceTree = BUILT_PRODUCTS_DIR; };
		680A6B5A218206BB00DCC205 /* TWRetailsStoreUITests.m */ = {isa = PBXFileReference; lastKnownFileType = sourcecode.c.objc; path = TWRetailsStoreUITests.m; sourceTree = "<group>"; };
		680A6B5C218206BB00DCC205 /* Info.plist */ = {isa = PBXFileReference; lastKnownFileType = text.plist.xml; path = Info.plist; sourceTree = "<group>"; };
/* End PBXFileReference section */

/* Begin PBXFrameworksBuildPhase section */
		680A6B2D218206BA00DCC205 /* Frameworks */ = {
			isa = PBXFrameworksBuildPhase;
			buildActionMask = 2147483647;
			files = (
			);
			runOnlyForDeploymentPostprocessing = 0;
		};
		680A6B48218206BB00DCC205 /* Frameworks */ = {
			isa = PBXFrameworksBuildPhase;
			buildActionMask = 2147483647;
			files = (
			);
			runOnlyForDeploymentPostprocessing = 0;
		};
		680A6B53218206BB00DCC205 /* Frameworks */ = {
			isa = PBXFrameworksBuildPhase;
			buildActionMask = 2147483647;
			files = (
			);
			runOnlyForDeploymentPostprocessing = 0;
		};
/* End PBXFrameworksBuildPhase section */

/* Begin PBXGroup section */
		680A6B27218206BA00DCC205 = {
			isa = PBXGroup;
			children = (
				680A6B32218206BA00DCC205 /* TWRetailsStore */,
				680A6B4E218206BB00DCC205 /* TWRetailsStoreTests */,
				680A6B59218206BB00DCC205 /* TWRetailsStoreUITests */,
				680A6B31218206BA00DCC205 /* Products */,
			);
			sourceTree = "<group>";
		};
		680A6B31218206BA00DCC205 /* Products */ = {
			isa = PBXGroup;
			children = (
				680A6B30218206BA00DCC205 /* TWRetailsStore.app */,
				680A6B4B218206BB00DCC205 /* TWRetailsStoreTests.xctest */,
				680A6B56218206BB00DCC205 /* TWRetailsStoreUITests.xctest */,
			);
			name = Products;
			sourceTree = "<group>";
		};
		680A6B32218206BA00DCC205 /* TWRetailsStore */ = {
			isa = PBXGroup;
			children = (
				680A6B33218206BA00DCC205 /* AppDelegate.h */,
				680A6B34218206BA00DCC205 /* AppDelegate.m */,
				680A6B36218206BA00DCC205 /* ViewController.h */,
				680A6B37218206BA00DCC205 /* ViewController.m */,
				680A6B39218206BA00DCC205 /* Main.storyboard */,
				680A6B3F218206BB00DCC205 /* Assets.xcassets */,
				680A6B41218206BB00DCC205 /* LaunchScreen.storyboard */,
				680A6B44218206BB00DCC205 /* Info.plist */,
				680A6B45218206BB00DCC205 /* main.m */,
				680A6B3C218206BA00DCC205 /* TWRetailsStore.xcdatamodeld */,
			);
			path = TWRetailsStore;
			sourceTree = "<group>";
		};
		680A6B4E218206BB00DCC205 /* TWRetailsStoreTests */ = {
			isa = PBXGroup;
			children = (
				680A6B4F218206BB00DCC205 /* TWRetailsStoreTests.m */,
				680A6B51218206BB00DCC205 /* Info.plist */,
			);
			path = TWRetailsStoreTests;
			sourceTree = "<group>";
		};
		680A6B59218206BB00DCC205 /* TWRetailsStoreUITests */ = {
			isa = PBXGroup;
			children = (
				680A6B5A218206BB00DCC205 /* TWRetailsStoreUITests.m */,
				680A6B5C218206BB00DCC205 /* Info.plist */,
			);
			path = TWRetailsStoreUITests;
			sourceTree = "<group>";
		};
/* End PBXGroup section */

/* Begin PBXNativeTarget section */
		680A6B2F218206BA00DCC205 /* TWRetailsStore */ = {
			isa = PBXNativeTarget;
			buildConfigurationList = 680A6B5F218206BB00DCC205 /* Build configuration list for PBXNativeTarget "TWRetailsStore" */;
			buildPhases = (
				680A6B2C218206BA00DCC205 /* Sources */,
				680A6B2D218206BA00DCC205 /* Frameworks */,
				680A6B2E218206BA00DCC205 /* Resources */,
			);
			buildRules = (
			);
			dependencies = (
			);
			name = TWRetailsStore;
			productName = TWRetailsStore;
			productReference = 680A6B30218206BA00DCC205 /* TWRetailsStore.app */;
			productType = "com.apple.product-type.application";
		};
		680A6B4A218206BB00DCC205 /* TWRetailsStoreTests */ = {
			isa = PBXNativeTarget;
			buildConfigurationList = 680A6B62218206BB00DCC205 /* Build configuration list for PBXNativeTarget "TWRetailsStoreTests" */;
			buildPhases = (
				680A6B47218206BB00DCC205 /* Sources */,
				680A6B48218206BB00DCC205 /* Frameworks */,
				680A6B49218206BB00DCC205 /* Resources */,
			);
			buildRules = (
			);
			dependencies = (
				680A6B4D218206BB00DCC205 /* PBXTargetDependency */,
			);
			name = TWRetailsStoreTests;
			productName = TWRetailsStoreTests;
			productReference = 680A6B4B218206BB00DCC205 /* TWRetailsStoreTests.xctest */;
			productType = "com.apple.product-type.bundle.unit-test";
		};
		680A6B55218206BB00DCC205 /* TWRetailsStoreUITests */ = {
			isa = PBXNativeTarget;
			buildConfigurationList = 680A6B65218206BB00DCC205 /* Build configuration list for PBXNativeTarget "TWRetailsStoreUITests" */;
			buildPhases = (
				680A6B52218206BB00DCC205 /* Sources */,
				680A6B53218206BB00DCC205 /* Frameworks */,
				680A6B54218206BB00DCC205 /* Resources */,
			);
			buildRules = (
			);
			dependencies = (
				680A6B58218206BB00DCC205 /* PBXTargetDependency */,
			);
			name = TWRetailsStoreUITests;
			productName = TWRetailsStoreUITests;
			productReference = 680A6B56218206BB00DCC205 /* TWRetailsStoreUITests.xctest */;
			productType = "com.apple.product-type.bundle.ui-testing";
		};
/* End PBXNativeTarget section */

/* Begin PBXProject section */
		680A6B28218206BA00DCC205 /* Project object */ = {
			isa = PBXProject;
			attributes = {
				LastUpgradeCheck = 1000;
				ORGANIZATIONNAME = "Apurva Gaikwad";
				TargetAttributes = {
					680A6B2F218206BA00DCC205 = {
						CreatedOnToolsVersion = 10.0;
					};
					680A6B4A218206BB00DCC205 = {
						CreatedOnToolsVersion = 10.0;
						TestTargetID = 680A6B2F218206BA00DCC205;
					};
					680A6B55218206BB00DCC205 = {
						CreatedOnToolsVersion = 10.0;
						TestTargetID = 680A6B2F218206BA00DCC205;
					};
				};
			};
			buildConfigurationList = 680A6B2B218206BA00DCC205 /* Build configuration list for PBXProject "TWRetailsStore" */;
			compatibilityVersion = "Xcode 9.3";
			developmentRegion = en;
			hasScannedForEncodings = 0;
			knownRegions = (
				en,
				Base,
			);
			mainGroup = 680A6B27218206BA00DCC205;
			productRefGroup = 680A6B31218206BA00DCC205 /* Products */;
			projectDirPath = "";
			projectRoot = "";
			targets = (
				680A6B2F218206BA00DCC205 /* TWRetailsStore */,
				680A6B4A218206BB00DCC205 /* TWRetailsStoreTests */,
				680A6B55218206BB00DCC205 /* TWRetailsStoreUITests */,
			);
		};
/* End PBXProject section */

/* Begin PBXResourcesBuildPhase section */
		680A6B2E218206BA00DCC205 /* Resources */ = {
			isa = PBXResourcesBuildPhase;
			buildActionMask = 2147483647;
			files = (
				680A6B43218206BB00DCC205 /* LaunchScreen.storyboard in Resources */,
				680A6B40218206BB00DCC205 /* Assets.xcassets in Resources */,
				680A6B3B218206BA00DCC205 /* Main.storyboard in Resources */,
			);
			runOnlyForDeploymentPostprocessing = 0;
		};
		680A6B49218206BB00DCC205 /* Resources */ = {
			isa = PBXResourcesBuildPhase;
			buildActionMask = 2147483647;
			files = (
			);
			runOnlyForDeploymentPostprocessing = 0;
		};
		680A6B54218206BB00DCC205 /* Resources */ = {
			isa = PBXResourcesBuildPhase;
			buildActionMask = 2147483647;
			files = (
			);
			runOnlyForDeploymentPostprocessing = 0;
		};
/* End PBXResourcesBuildPhase section */

/* Begin PBXSourcesBuildPhase section */
		680A6B2C218206BA00DCC205 /* Sources */ = {
			isa = PBXSourcesBuildPhase;
			buildActionMask = 2147483647;
			files = (
				680A6B3E218206BA00DCC205 /* TWRetailsStore.xcdatamodeld in Sources */,
				680A6B38218206BA00DCC205 /* ViewController.m in Sources */,
				680A6B46218206BB00DCC205 /* main.m in Sources */,
				680A6B35218206BA00DCC205 /* AppDelegate.m in Sources */,
			);
			runOnlyForDeploymentPostprocessing = 0;
		};
		680A6B47218206BB00DCC205 /* Sources */ = {
			isa = PBXSourcesBuildPhase;
			buildActionMask = 2147483647;
			files = (
				680A6B50218206BB00DCC205 /* TWRetailsStoreTests.m in Sources */,
			);
			runOnlyForDeploymentPostprocessing = 0;
		};
		680A6B52218206BB00DCC205 /* Sources */ = {
			isa = PBXSourcesBuildPhase;
			buildActionMask = 2147483647;
			files = (
				680A6B5B218206BB00DCC205 /* TWRetailsStoreUITests.m in Sources */,
			);
			runOnlyForDeploymentPostprocessing = 0;
		};
/* End PBXSourcesBuildPhase section */

/* Begin PBXTargetDependency section */
		680A6B4D218206BB00DCC205 /* PBXTargetDependency */ = {
			isa = PBXTargetDependency;
			target = 680A6B2F218206BA00DCC205 /* TWRetailsStore */;
			targetProxy = 680A6B4C218206BB00DCC205 /* PBXContainerItemProxy */;
		};
		680A6B58218206BB00DCC205 /* PBXTargetDependency */ = {
			isa = PBXTargetDependency;
			target = 680A6B2F218206BA00DCC205 /* TWRetailsStore */;
			targetProxy = 680A6B57218206BB00DCC205 /* PBXContainerItemProxy */;
		};
/* End PBXTargetDependency section */

/* Begin PBXVariantGroup section */
		680A6B39218206BA00DCC205 /* Main.storyboard */ = {
			isa = PBXVariantGroup;
			children = (
				680A6B3A218206BA00DCC205 /* Base */,
			);
			name = Main.storyboard;
			sourceTree = "<group>";
		};
		680A6B41218206BB00DCC205 /* LaunchScreen.storyboard */ = {
			isa = PBXVariantGroup;
			children = (
				680A6B42218206BB00DCC205 /* Base */,
			);
			name = LaunchScreen.storyboard;
			sourceTree = "<group>";
		};
/* End PBXVariantGroup section */

/* Begin XCBuildConfiguration section */
		680A6B5D218206BB00DCC205 /* Debug */ = {
			isa = XCBuildConfiguration;
			buildSettings = {
				ALWAYS_SEARCH_USER_PATHS = NO;
				CLANG_ANALYZER_NONNULL = YES;
				CLANG_ANALYZER_NUMBER_OBJECT_CONVERSION = YES_AGGRESSIVE;
				CLANG_CXX_LANGUAGE_STANDARD = "gnu++14";
				CLANG_CXX_LIBRARY = "libc++";
				CLANG_ENABLE_MODULES = YES;
				CLANG_ENABLE_OBJC_ARC = YES;
				CLANG_ENABLE_OBJC_WEAK = YES;
				CLANG_WARN_BLOCK_CAPTURE_AUTORELEASING = YES;
				CLANG_WARN_BOOL_CONVERSION = YES;
				CLANG_WARN_COMMA = YES;
				CLANG_WARN_CONSTANT_CONVERSION = YES;
				CLANG_WARN_DEPRECATED_OBJC_IMPLEMENTATIONS = YES;
				CLANG_WARN_DIRECT_OBJC_ISA_USAGE = YES_ERROR;
				CLANG_WARN_DOCUMENTATION_COMMENTS = YES;
				CLANG_WARN_EMPTY_BODY = YES;
				CLANG_WARN_ENUM_CONVERSION = YES;
				CLANG_WARN_INFINITE_RECURSION = YES;
				CLANG_WARN_INT_CONVERSION = YES;
				CLANG_WARN_NON_LITERAL_NULL_CONVERSION = YES;
				CLANG_WARN_OBJC_IMPLICIT_RETAIN_SELF = YES;
				CLANG_WARN_OBJC_LITERAL_CONVERSION = YES;
				CLANG_WARN_OBJC_ROOT_CLASS = YES_ERROR;
				CLANG_WARN_RANGE_LOOP_ANALYSIS = YES;
				CLANG_WARN_STRICT_PROTOTYPES = YES;
				CLANG_WARN_SUSPICIOUS_MOVE = YES;
				CLANG_WARN_UNGUARDED_AVAILABILITY = YES_AGGRESSIVE;
				CLANG_WARN_UNREACHABLE_CODE = YES;
				CLANG_WARN__DUPLICATE_METHOD_MATCH = YES;
				CODE_SIGN_IDENTITY = "iPhone Developer";
				COPY_PHASE_STRIP = NO;
				DEBUG_INFORMATION_FORMAT = dwarf;
				ENABLE_STRICT_OBJC_MSGSEND = YES;
				ENABLE_TESTABILITY = YES;
				GCC_C_LANGUAGE_STANDARD = gnu11;
				GCC_DYNAMIC_NO_PIC = NO;
				GCC_NO_COMMON_BLOCKS = YES;
				GCC_OPTIMIZATION_LEVEL = 0;
				GCC_PREPROCESSOR_DEFINITIONS = (
					"DEBUG=1",
					"$(inherited)",
				);
				GCC_WARN_64_TO_32_BIT_CONVERSION = YES;
				GCC_WARN_ABOUT_RETURN_TYPE = YES_ERROR;
				GCC_WARN_UNDECLARED_SELECTOR = YES;
				GCC_WARN_UNINITIALIZED_AUTOS = YES_AGGRESSIVE;
				GCC_WARN_UNUSED_FUNCTION = YES;
				GCC_WARN_UNUSED_VARIABLE = YES;
				IPHONEOS_DEPLOYMENT_TARGET = 12.0;
				MTL_ENABLE_DEBUG_INFO = INCLUDE_SOURCE;
				MTL_FAST_MATH = YES;
				ONLY_ACTIVE_ARCH = YES;
				SDKROOT = iphoneos;
			};
			name = Debug;
		};
		680A6B5E218206BB00DCC205 /* Release */ = {
			isa = XCBuildConfiguration;
			buildSettings = {
				ALWAYS_SEARCH_USER_PATHS = NO;
				CLANG_ANALYZER_NONNULL = YES;
				CLANG_ANALYZER_NUMBER_OBJECT_CONVERSION = YES_AGGRESSIVE;
				CLANG_CXX_LANGUAGE_STANDARD = "gnu++14";
				CLANG_CXX_LIBRARY = "libc++";
				CLANG_ENABLE_MODULES = YES;
				CLANG_ENABLE_OBJC_ARC = YES;
				CLANG_ENABLE_OBJC_WEAK = YES;
				CLANG_WARN_BLOCK_CAPTURE_AUTORELEASING = YES;
				CLANG_WARN_BOOL_CONVERSION = YES;
				CLANG_WARN_COMMA = YES;
				CLANG_WARN_CONSTANT_CONVERSION = YES;
				CLANG_WARN_DEPRECATED_OBJC_IMPLEMENTATIONS = YES;
				CLANG_WARN_DIRECT_OBJC_ISA_USAGE = YES_ERROR;
				CLANG_WARN_DOCUMENTATION_COMMENTS = YES;
				CLANG_WARN_EMPTY_BODY = YES;
				CLANG_WARN_ENUM_CONVERSION = YES;
				CLANG_WARN_INFINITE_RECURSION = YES;
				CLANG_WARN_INT_CONVERSION = YES;
				CLANG_WARN_NON_LITERAL_NULL_CONVERSION = YES;
				CLANG_WARN_OBJC_IMPLICIT_RETAIN_SELF = YES;
				CLANG_WARN_OBJC_LITERAL_CONVERSION = YES;
				CLANG_WARN_OBJC_ROOT_CLASS = YES_ERROR;
				CLANG_WARN_RANGE_LOOP_ANALYSIS = YES;
				CLANG_WARN_STRICT_PROTOTYPES = YES;
				CLANG_WARN_SUSPICIOUS_MOVE = YES;
				CLANG_WARN_UNGUARDED_AVAILABILITY = YES_AGGRESSIVE;
				CLANG_WARN_UNREACHABLE_CODE = YES;
				CLANG_WARN__DUPLICATE_METHOD_MATCH = YES;
				CODE_SIGN_IDENTITY = "iPhone Developer";
				COPY_PHASE_STRIP = NO;
				DEBUG_INFORMATION_FORMAT = "dwarf-with-dsym";
				ENABLE_NS_ASSERTIONS = NO;
				ENABLE_STRICT_OBJC_MSGSEND = YES;
				GCC_C_LANGUAGE_STANDARD = gnu11;
				GCC_NO_COMMON_BLOCKS = YES;
				GCC_WARN_64_TO_32_BIT_CONVERSION = YES;
				GCC_WARN_ABOUT_RETURN_TYPE = YES_ERROR;
				GCC_WARN_UNDECLARED_SELECTOR = YES;
				GCC_WARN_UNINITIALIZED_AUTOS = YES_AGGRESSIVE;
				GCC_WARN_UNUSED_FUNCTION = YES;
				GCC_WARN_UNUSED_VARIABLE = YES;
				IPHONEOS_DEPLOYMENT_TARGET = 12.0;
				MTL_ENABLE_DEBUG_INFO = NO;
				MTL_FAST_MATH = YES;
				SDKROOT = iphoneos;
				VALIDATE_PRODUCT = YES;
			};
			name = Release;
		};
		680A6B60218206BB00DCC205 /* Debug */ = {
			isa = XCBuildConfiguration;
			buildSettings = {
				ASSETCATALOG_COMPILER_APPICON_NAME = AppIcon;
				CODE_SIGN_STYLE = Automatic;
				DEVELOPMENT_TEAM = NTFUBNL2GH;
				INFOPLIST_FILE = TWRetailsStore/Info.plist;
				LD_RUNPATH_SEARCH_PATHS = (
					"$(inherited)",
					"@executable_path/Frameworks",
				);
				PRODUCT_BUNDLE_IDENTIFIER = Apurva.TWRetailsStore;
				PRODUCT_NAME = "$(TARGET_NAME)";
				TARGETED_DEVICE_FAMILY = "1,2";
			};
			name = Debug;
		};
		680A6B61218206BB00DCC205 /* Release */ = {
			isa = XCBuildConfiguration;
			buildSettings = {
				ASSETCATALOG_COMPILER_APPICON_NAME = AppIcon;
				CODE_SIGN_STYLE = Automatic;
				DEVELOPMENT_TEAM = NTFUBNL2GH;
				INFOPLIST_FILE = TWRetailsStore/Info.plist;
				LD_RUNPATH_SEARCH_PATHS = (
					"$(inherited)",
					"@executable_path/Frameworks",
				);
				PRODUCT_BUNDLE_IDENTIFIER = Apurva.TWRetailsStore;
				PRODUCT_NAME = "$(TARGET_NAME)";
				TARGETED_DEVICE_FAMILY = "1,2";
			};
			name = Release;
		};
		680A6B63218206BB00DCC205 /* Debug */ = {
			isa = XCBuildConfiguration;
			buildSettings = {
				BUNDLE_LOADER = "$(TEST_HOST)";
				CODE_SIGN_STYLE = Automatic;
				DEVELOPMENT_TEAM = NTFUBNL2GH;
				INFOPLIST_FILE = TWRetailsStoreTests/Info.plist;
				LD_RUNPATH_SEARCH_PATHS = (
					"$(inherited)",
					"@executable_path/Frameworks",
					"@loader_path/Frameworks",
				);
				PRODUCT_BUNDLE_IDENTIFIER = Apurva.TWRetailsStoreTests;
				PRODUCT_NAME = "$(TARGET_NAME)";
				TARGETED_DEVICE_FAMILY = "1,2";
				TEST_HOST = "$(BUILT_PRODUCTS_DIR)/TWRetailsStore.app/TWRetailsStore";
			};
			name = Debug;
		};
		680A6B64218206BB00DCC205 /* Release */ = {
			isa = XCBuildConfiguration;
			buildSettings = {
				BUNDLE_LOADER = "$(TEST_HOST)";
				CODE_SIGN_STYLE = Automatic;
				DEVELOPMENT_TEAM = NTFUBNL2GH;
				INFOPLIST_FILE = TWRetailsStoreTests/Info.plist;
				LD_RUNPATH_SEARCH_PATHS = (
					"$(inherited)",
					"@executable_path/Frameworks",
					"@loader_path/Frameworks",
				);
				PRODUCT_BUNDLE_IDENTIFIER = Apurva.TWRetailsStoreTests;
				PRODUCT_NAME = "$(TARGET_NAME)";
				TARGETED_DEVICE_FAMILY = "1,2";
				TEST_HOST = "$(BUILT_PRODUCTS_DIR)/TWRetailsStore.app/TWRetailsStore";
			};
			name = Release;
		};
		680A6B66218206BB00DCC205 /* Debug */ = {
			isa = XCBuildConfiguration;
			buildSettings = {
				CODE_SIGN_STYLE = Automatic;
				DEVELOPMENT_TEAM = NTFUBNL2GH;
				INFOPLIST_FILE = TWRetailsStoreUITests/Info.plist;
				LD_RUNPATH_SEARCH_PATHS = (
					"$(inherited)",
					"@executable_path/Frameworks",
					"@loader_path/Frameworks",
				);
				PRODUCT_BUNDLE_IDENTIFIER = Apurva.TWRetailsStoreUITests;
				PRODUCT_NAME = "$(TARGET_NAME)";
				TARGETED_DEVICE_FAMILY = "1,2";
				TEST_TARGET_NAME = TWRetailsStore;
			};
			name = Debug;
		};
		680A6B67218206BB00DCC205 /* Release */ = {
			isa = XCBuildConfiguration;
			buildSettings = {
				CODE_SIGN_STYLE = Automatic;
				DEVELOPMENT_TEAM = NTFUBNL2GH;
				INFOPLIST_FILE = TWRetailsStoreUITests/Info.plist;
				LD_RUNPATH_SEARCH_PATHS = (
					"$(inherited)",
					"@executable_path/Frameworks",
					"@loader_path/Frameworks",
				);
				PRODUCT_BUNDLE_IDENTIFIER = Apurva.TWRetailsStoreUITests;
				PRODUCT_NAME = "$(TARGET_NAME)";
				TARGETED_DEVICE_FAMILY = "1,2";
				TEST_TARGET_NAME = TWRetailsStore;
			};
			name = Release;
		};
/* End XCBuildConfiguration section */

/* Begin XCConfigurationList section */
		680A6B2B218206BA00DCC205 /* Build configuration list for PBXProject "TWRetailsStore" */ = {
			isa = XCConfigurationList;
			buildConfigurations = (
				680A6B5D218206BB00DCC205 /* Debug */,
				680A6B5E218206BB00DCC205 /* Release */,
			);
			defaultConfigurationIsVisible = 0;
			defaultConfigurationName = Release;
		};
		680A6B5F218206BB00DCC205 /* Build configuration list for PBXNativeTarget "TWRetailsStore" */ = {
			isa = XCConfigurationList;
			buildConfigurations = (
				680A6B60218206BB00DCC205 /* Debug */,
				680A6B61218206BB00DCC205 /* Release */,
			);
			defaultConfigurationIsVisible = 0;
			defaultConfigurationName = Release;
		};
		680A6B62218206BB00DCC205 /* Build configuration list for PBXNativeTarget "TWRetailsStoreTests" */ = {
			isa = XCConfigurationList;
			buildConfigurations = (
				680A6B63218206BB00DCC205 /* Debug */,
				680A6B64218206BB00DCC205 /* Release */,
			);
			defaultConfigurationIsVisible = 0;
			defaultConfigurationName = Release;
		};
		680A6B65218206BB00DCC205 /* Build configuration list for PBXNativeTarget "TWRetailsStoreUITests" */ = {
			isa = XCConfigurationList;
			buildConfigurations = (
				680A6B66218206BB00DCC205 /* Debug */,
				680A6B67218206BB00DCC205 /* Release */,
			);
			defaultConfigurationIsVisible = 0;
			defaultConfigurationName = Release;
		};
/* End XCConfigurationList section */

/* Begin XCVersionGroup section */
		680A6B3C218206BA00DCC205 /* TWRetailsStore.xcdatamodeld */ = {
			isa = XCVersionGroup;
			children = (
				680A6B3D218206BA00DCC205 /* TWRetailsStore.xcdatamodel */,
			);
			currentVersion = 680A6B3D218206BA00DCC205 /* TWRetailsStore.xcdatamodel */;
			path = TWRetailsStore.xcdatamodeld;
			sourceTree = "<group>";
			versionGroupType = wrapper.xcdatamodel;
		};
/* End XCVersionGroup section */
	};
	rootObject = 680A6B28218206BA00DCC205 /* Project object */;
}
